
Microsoft Visual Studio Solution File, Format Version 12.00
# Visual Studio Version 16
VisualStudioVersion = 16.0.31702.278
MinimumVisualStudioVersion = 10.0.40219.1
Project("{FAE04EC0-301F-11D3-BF4B-00C04F79EFBC}") = "SeekSuccess_BackEnd", "SeekSuccess_BackEnd\SeekSuccess_BackEnd.csproj", "{9ACD898A-4ECC-4537-BC2A-7005C0E3D798}"
EndProject
Global
	GlobalSection(SolutionConfigurationPlatforms) = preSolution
		Debug|Any CPU = Debug|Any CPU
		Release|Any CPU = Release|Any CPU
	EndGlobalSection
	GlobalSection(ProjectConfigurationPlatforms) = postSolution
		{9ACD898A-4ECC-4537-BC2A-7005C0E3D798}.Debug|Any CPU.ActiveCfg = Debug|Any CPU
		{9ACD898A-4ECC-4537-BC2A-7005C0E3D798}.Debug|Any CPU.Build.0 = Debug|Any CPU
		{9ACD898A-4ECC-4537-BC2A-7005C0E3D798}.Release|Any CPU.ActiveCfg = Release|Any CPU
		{9ACD898A-4ECC-4537-BC2A-7005C0E3D798}.Release|Any CPU.Build.0 = Release|Any CPU
	EndGlobalSection
	GlobalSection(SolutionProperties) = preSolution
		HideSolutionNode = FALSE
	EndGlobalSection
	GlobalSection(ExtensibilityGlobals) = postSolution
		SolutionGuid = {0FF6FBC9-0436-4078-9265-73123E22A26D}
	EndGlobalSection
EndGlobal
